// !$*UTF8*$!
{
	archiveVersion = 1;
	classes = {
	};
	objectVersion = 46;
	objects = {

/* Begin PBXBuildFile section */
		BFA3F1E41E61B8CA00CE6D4D /* AppDelegate.swift in Sources */ = {isa = PBXBuildFile; fileRef = BFA3F1E31E61B8CA00CE6D4D /* AppDelegate.swift */; };
		BFA3F1E61E61B8CA00CE6D4D /* ViewController.swift in Sources */ = {isa = PBXBuildFile; fileRef = BFA3F1E51E61B8CA00CE6D4D /* ViewController.swift */; };
		BFA3F1E91E61B8CA00CE6D4D /* Main.storyboard in Resources */ = {isa = PBXBuildFile; fileRef = BFA3F1E71E61B8CA00CE6D4D /* Main.storyboard */; };
		BFA3F1EB1E61B8CA00CE6D4D /* Assets.xcassets in Resources */ = {isa = PBXBuildFile; fileRef = BFA3F1EA1E61B8CA00CE6D4D /* Assets.xcassets */; };
		BFA3F1EE1E61B8CA00CE6D4D /* LaunchScreen.storyboard in Resources */ = {isa = PBXBuildFile; fileRef = BFA3F1EC1E61B8CA00CE6D4D /* LaunchScreen.storyboard */; };
/* End PBXBuildFile section */

/* Begin PBXFileReference section */
		BFA3F1E01E61B8CA00CE6D4D /* minTur.app */ = {isa = PBXFileReference; explicitFileType = wrapper.application; includeInIndex = 0; path = minTur.app; sourceTree = BUILT_PRODUCTS_DIR; };
		BFA3F1E31E61B8CA00CE6D4D /* AppDelegate.swift */ = {isa = PBXFileReference; lastKnownFileType = sourcecode.swift; path = AppDelegate.swift; sourceTree = "<group>"; };
		BFA3F1E51E61B8CA00CE6D4D /* ViewController.swift */ = {isa = PBXFileReference; lastKnownFileType = sourcecode.swift; path = ViewController.swift; sourceTree = "<group>"; };
		BFA3F1E81E61B8CA00CE6D4D /* Base */ = {isa = PBXFileReference; lastKnownFileType = file.storyboard; name = Base; path = Base.lproj/Main.storyboard; sourceTree = "<group>"; };
		BFA3F1EA1E61B8CA00CE6D4D /* Assets.xcassets */ = {isa = PBXFileReference; lastKnownFileType = folder.assetcatalog; path = Assets.xcassets; sourceTree = "<group>"; };
		BFA3F1ED1E61B8CA00CE6D4D /* Base */ = {isa = PBXFileReference; lastKnownFileType = file.storyboard; name = Base; path = Base.lproj/LaunchScreen.storyboard; sourceTree = "<group>"; };
		BFA3F1EF1E61B8CA00CE6D4D /* Info.plist */ = {isa = PBXFileReference; lastKnownFileType = text.plist.xml; path = Info.plist; sourceTree = "<group>"; };
/* End PBXFileReference section */

/* Begin PBXFrameworksBuildPhase section */
		BFA3F1DD1E61B8CA00CE6D4D /* Frameworks */ = {
			isa = PBXFrameworksBuildPhase;
			buildActionMask = 2147483647;
			files = (
			);
			runOnlyForDeploymentPostprocessing = 0;
		};
/* End PBXFrameworksBuildPhase section */

/* Begin PBXGroup section */
		BFA3F1D71E61B8CA00CE6D4D = {
			isa = PBXGroup;
			children = (
				BFA3F1E21E61B8CA00CE6D4D /* minTur */,
				BFA3F1E11E61B8CA00CE6D4D /* Products */,
			);
			sourceTree = "<group>";
		};
		BFA3F1E11E61B8CA00CE6D4D /* Products */ = {
			isa = PBXGroup;
			children = (
				BFA3F1E01E61B8CA00CE6D4D /* minTur.app */,
			);
			name = Products;
			sourceTree = "<group>";
		};
		BFA3F1E21E61B8CA00CE6D4D /* minTur */ = {
			isa = PBXGroup;
			children = (
				BFA3F1E31E61B8CA00CE6D4D /* AppDelegate.swift */,
				BFA3F1E51E61B8CA00CE6D4D /* ViewController.swift */,
				BFA3F1E71E61B8CA00CE6D4D /* Main.storyboard */,
				BFA3F1EA1E61B8CA00CE6D4D /* Assets.xcassets */,
				BFA3F1EC1E61B8CA00CE6D4D /* LaunchScreen.storyboard */,
				BFA3F1EF1E61B8CA00CE6D4D /* Info.plist */,
			);
			path = minTur;
			sourceTree = "<group>";
		};
/* End PBXGroup section */

/* Begin PBXNativeTarget section */
		BFA3F1DF1E61B8CA00CE6D4D /* minTur */ = {
			isa = PBXNativeTarget;
			buildConfigurationList = BFA3F1F21E61B8CA00CE6D4D /* Build configuration list for PBXNativeTarget "minTur" */;
			buildPhases = (
				BFA3F1DC1E61B8CA00CE6D4D /* Sources */,
				BFA3F1DD1E61B8CA00CE6D4D /* Frameworks */,
				BFA3F1DE1E61B8CA00CE6D4D /* Resources */,
			);
			buildRules = (
			);
			dependencies = (
			);
			name = minTur;
			productName = minTur;
			productReference = BFA3F1E01E61B8CA00CE6D4D /* minTur.app */;
			productType = "com.apple.product-type.application";
		};
/* End PBXNativeTarget section */

/* Begin PBXProject section */
		BFA3F1D81E61B8CA00CE6D4D /* Project object */ = {
			isa = PBXProject;
			attributes = {
				LastSwiftUpdateCheck = 0820;
				LastUpgradeCheck = 0820;
				ORGANIZATIONNAME = "Sindre Moldeklev";
				TargetAttributes = {
					BFA3F1DF1E61B8CA00CE6D4D = {
						CreatedOnToolsVersion = 8.2.1;
						ProvisioningStyle = Automatic;
					};
				};
			};
			buildConfigurationList = BFA3F1DB1E61B8CA00CE6D4D /* Build configuration list for PBXProject "minTur" */;
			compatibilityVersion = "Xcode 3.2";
			developmentRegion = English;
			hasScannedForEncodings = 0;
			knownRegions = (
				en,
				Base,
			);
			mainGroup = BFA3F1D71E61B8CA00CE6D4D;
			productRefGroup = BFA3F1E11E61B8CA00CE6D4D /* Products */;
			projectDirPath = "";
			projectRoot = "";
			targets = (
				BFA3F1DF1E61B8CA00CE6D4D /* minTur */,
			);
		};
/* End PBXProject section */

/* Begin PBXResourcesBuildPhase section */
		BFA3F1DE1E61B8CA00CE6D4D /* Resources */ = {
			isa = PBXResourcesBuildPhase;
			buildActionMask = 2147483647;
			files = (
				BFA3F1EE1E61B8CA00CE6D4D /* LaunchScreen.storyboard in Resources */,
				BFA3F1EB1E61B8CA00CE6D4D /* Assets.xcassets in Resources */,
				BFA3F1E91E61B8CA00CE6D4D /* Main.storyboard in Resources */,
			);
			runOnlyForDeploymentPostprocessing = 0;
		};
/* End PBXResourcesBuildPhase section */

/* Begin PBXSourcesBuildPhase section */
		BFA3F1DC1E61B8CA00CE6D4D /* Sources */ = {
			isa = PBXSourcesBuildPhase;
			buildActionMask = 2147483647;
			files = (
				BFA3F1E61E61B8CA00CE6D4D /* ViewController.swift in Sources */,
				BFA3F1E41E61B8CA00CE6D4D /* AppDelegate.swift in Sources */,
			);
			runOnlyForDeploymentPostprocessing = 0;
		};
/* End PBXSourcesBuildPhase section */

/* Begin PBXVariantGroup section */
		BFA3F1E71E61B8CA00CE6D4D /* Main.storyboard */ = {
			isa = PBXVariantGroup;
			children = (
				BFA3F1E81E61B8CA00CE6D4D /* Base */,
			);
			name = Main.storyboard;
			sourceTree = "<group>";
		};
		BFA3F1EC1E61B8CA00CE6D4D /* LaunchScreen.storyboard */ = {
			isa = PBXVariantGroup;
			children = (
				BFA3F1ED1E61B8CA00CE6D4D /* Base */,
			);
			name = LaunchScreen.storyboard;
			sourceTree = "<group>";
		};
/* End PBXVariantGroup section */

/* Begin XCBuildConfiguration section */
		BFA3F1F01E61B8CA00CE6D4D /* Debug */ = {
			isa = XCBuildConfiguration;
			buildSettings = {
				ALWAYS_SEARCH_USER_PATHS = NO;
				CLANG_ANALYZER_NONNULL = YES;
				CLANG_CXX_LANGUAGE_STANDARD = "gnu++0x";
				CLANG_CXX_LIBRARY = "libc++";
				CLANG_ENABLE_MODULES = YES;
				CLANG_ENABLE_OBJC_ARC = YES;
				CLANG_WARN_BOOL_CONVERSION = YES;
				CLANG_WARN_CONSTANT_CONVERSION = YES;
				CLANG_WARN_DIRECT_OBJC_ISA_USAGE = YES_ERROR;
				CLANG_WARN_DOCUMENTATION_COMMENTS = YES;
				CLANG_WARN_EMPTY_BODY = YES;
				CLANG_WARN_ENUM_CONVERSION = YES;
				CLANG_WARN_INFINITE_RECURSION = YES;
				CLANG_WARN_INT_CONVERSION = YES;
				CLANG_WARN_OBJC_ROOT_CLASS = YES_ERROR;
				CLANG_WARN_SUSPICIOUS_MOVE = YES;
				CLANG_WARN_UNREACHABLE_CODE = YES;
				CLANG_WARN__DUPLICATE_METHOD_MATCH = YES;
				"CODE_SIGN_IDENTITY[sdk=iphoneos*]" = "iPhone Developer";
				COPY_PHASE_STRIP = NO;
				DEBUG_INFORMATION_FORMAT = dwarf;
				ENABLE_STRICT_OBJC_MSGSEND = YES;
				ENABLE_TESTABILITY = YES;
				GCC_C_LANGUAGE_STANDARD = gnu99;
				GCC_DYNAMIC_NO_PIC = NO;
				GCC_NO_COMMON_BLOCKS = YES;
				GCC_OPTIMIZATION_LEVEL = 0;
				GCC_PREPROCESSOR_DEFINITIONS = (
					"DEBUG=1",
					"$(inherited)",
				);
				GCC_WARN_64_TO_32_BIT_CONVERSION = YES;
				GCC_WARN_ABOUT_RETURN_TYPE = YES_ERROR;
				GCC_WARN_UNDECLARED_SELECTOR = YES;
				GCC_WARN_UNINITIALIZED_AUTOS = YES_AGGRESSIVE;
				GCC_WARN_UNUSED_FUNCTION = YES;
				GCC_WARN_UNUSED_VARIABLE = YES;
				IPHONEOS_DEPLOYMENT_TARGET = 10.2;
				MTL_ENABLE_DEBUG_INFO = YES;
				ONLY_ACTIVE_ARCH = YES;
				SDKROOT = iphoneos;
				SWIFT_ACTIVE_COMPILATION_CONDITIONS = DEBUG;
				SWIFT_OPTIMIZATION_LEVEL = "-Onone";
			};
			name = Debug;
		};
		BFA3F1F11E61B8CA00CE6D4D /* Release */ = {
			isa = XCBuildConfiguration;
			buildSettings = {
				ALWAYS_SEARCH_USER_PATHS = NO;
				CLANG_ANALYZER_NONNULL = YES;
				CLANG_CXX_LANGUAGE_STANDARD = "gnu++0x";
				CLANG_CXX_LIBRARY = "libc++";
				CLANG_ENABLE_MODULES = YES;
				CLANG_ENABLE_OBJC_ARC = YES;
				CLANG_WARN_BOOL_CONVERSION = YES;
				CLANG_WARN_CONSTANT_CONVERSION = YES;
				CLANG_WARN_DIRECT_OBJC_ISA_USAGE = YES_ERROR;
				CLANG_WARN_DOCUMENTATION_COMMENTS = YES;
				CLANG_WARN_EMPTY_BODY = YES;
				CLANG_WARN_ENUM_CONVERSION = YES;
				CLANG_WARN_INFINITE_RECURSION = YES;
				CLANG_WARN_INT_CONVERSION = YES;
				CLANG_WARN_OBJC_ROOT_CLASS = YES_ERROR;
				CLANG_WARN_SUSPICIOUS_MOVE = YES;
				CLANG_WARN_UNREACHABLE_CODE = YES;
				CLANG_WARN__DUPLICATE_METHOD_MATCH = YES;
				"CODE_SIGN_IDENTITY[sdk=iphoneos*]" = "iPhone Developer";
				COPY_PHASE_STRIP = NO;
				DEBUG_INFORMATION_FORMAT = "dwarf-with-dsym";
				ENABLE_NS_ASSERTIONS = NO;
				ENABLE_STRICT_OBJC_MSGSEND = YES;
				GCC_C_LANGUAGE_STANDARD = gnu99;
				GCC_NO_COMMON_BLOCKS = YES;
				GCC_WARN_64_TO_32_BIT_CONVERSION = YES;
				GCC_WARN_ABOUT_RETURN_TYPE = YES_ERROR;
				GCC_WARN_UNDECLARED_SELECTOR = YES;
				GCC_WARN_UNINITIALIZED_AUTOS = YES_AGGRESSIVE;
				GCC_WARN_UNUSED_FUNCTION = YES;
				GCC_WARN_UNUSED_VARIABLE = YES;
				IPHONEOS_DEPLOYMENT_TARGET = 10.2;
				MTL_ENABLE_DEBUG_INFO = NO;
				SDKROOT = iphoneos;
				SWIFT_OPTIMIZATION_LEVEL = "-Owholemodule";
				VALIDATE_PRODUCT = YES;
			};
			name = Release;
		};
		BFA3F1F31E61B8CA00CE6D4D /* Debug */ = {
			isa = XCBuildConfiguration;
			buildSettings = {
				ASSETCATALOG_COMPILER_APPICON_NAME = AppIcon;
				INFOPLIST_FILE = minTur/Info.plist;
				LD_RUNPATH_SEARCH_PATHS = "$(inherited) @executable_path/Frameworks";
				PRODUCT_BUNDLE_IDENTIFIER = com.sndrem.minTur;
				PRODUCT_NAME = "$(TARGET_NAME)";
				SWIFT_VERSION = 3.0;
			};
			name = Debug;
		};
		BFA3F1F41E61B8CA00CE6D4D /* Release */ = {
			isa = XCBuildConfiguration;
			buildSettings = {
				ASSETCATALOG_COMPILER_APPICON_NAME = AppIcon;
				INFOPLIST_FILE = minTur/Info.plist;
				LD_RUNPATH_SEARCH_PATHS = "$(inherited) @executable_path/Frameworks";
				PRODUCT_BUNDLE_IDENTIFIER = com.sndrem.minTur;
				PRODUCT_NAME = "$(TARGET_NAME)";
				SWIFT_VERSION = 3.0;
			};
			name = Release;
		};
/* End XCBuildConfiguration section */

/* Begin XCConfigurationList section */
		BFA3F1DB1E61B8CA00CE6D4D /* Build configuration list for PBXProject "minTur" */ = {
			isa = XCConfigurationList;
			buildConfigurations = (
				BFA3F1F01E61B8CA00CE6D4D /* Debug */,
				BFA3F1F11E61B8CA00CE6D4D /* Release */,
			);
			defaultConfigurationIsVisible = 0;
			defaultConfigurationName = Release;
		};
		BFA3F1F21E61B8CA00CE6D4D /* Build configuration list for PBXNativeTarget "minTur" */ = {
			isa = XCConfigurationList;
			buildConfigurations = (
				BFA3F1F31E61B8CA00CE6D4D /* Debug */,
				BFA3F1F41E61B8CA00CE6D4D /* Release */,
			);
			defaultConfigurationIsVisible = 0;
		};
/* End XCConfigurationList section */
	};
	rootObject = BFA3F1D81E61B8CA00CE6D4D /* Project object */;
}
